
Microsoft Visual Studio Solution File, Format Version 12.00
# Visual Studio 15
Project("{FAE04EC0-301F-11D3-BF4B-00C04F79EFBC}") = "UnityEngine.UI", "UnityEngine.UI.csproj", "{2E468840-FBAE-3CDA-0B04-C0A405F29D1A}"
EndProject
Project("{FAE04EC0-301F-11D3-BF4B-00C04F79EFBC}") = "UnityEngine.TestRunner", "UnityEngine.TestRunner.csproj", "{171C96C7-07F7-C7DA-527C-17230CE944EA}"
EndProject
Project("{FAE04EC0-301F-11D3-BF4B-00C04F79EFBC}") = "Unity.VisualScripting.Flow", "Unity.VisualScripting.Flow.csproj", "{47878854-7CB1-88B6-66EC-95796CD572CE}"
EndProject
Project("{FAE04EC0-301F-11D3-BF4B-00C04F79EFBC}") = "Unity.Services.Core.Telemetry", "Unity.Services.Core.Telemetry.csproj", "{0E27BBFF-DB76-D50F-B913-164D6187E525}"
EndProject
Project("{FAE04EC0-301F-11D3-BF4B-00C04F79EFBC}") = "Unity.VisualScripting.State", "Unity.VisualScripting.State.csproj", "{10E6B2F8-0368-B755-38DE-4EBEA0CB9D6B}"
EndProject
Project("{FAE04EC0-301F-11D3-BF4B-00C04F79EFBC}") = "Unity.VisualScripting.Core", "Unity.VisualScripting.Core.csproj", "{97BDDE9F-478C-83D7-1267-F26C475B8733}"
EndProject
Project("{FAE04EC0-301F-11D3-BF4B-00C04F79EFBC}") = "Unity.Services.Core.Environments.Internal", "Unity.Services.Core.Environments.Internal.csproj", "{5CA6E9EF-F962-6944-9111-5FD5A93D97AC}"
EndProject
Project("{FAE04EC0-301F-11D3-BF4B-00C04F79EFBC}") = "Unity.TextMeshPro", "Unity.TextMeshPro.csproj", "{04CA16C1-DE91-9D52-7A32-20CD0037D4D4}"
EndProject
Project("{FAE04EC0-301F-11D3-BF4B-00C04F79EFBC}") = "Unity.Timeline", "Unity.Timeline.csproj", "{B75241D5-14A1-D15C-A0AD-EB35DFC4C7A0}"
EndProject
Project("{FAE04EC0-301F-11D3-BF4B-00C04F79EFBC}") = "Unity.Services.Core", "Unity.Services.Core.csproj", "{181AEF07-A30C-6F4B-E8B2-3EFA0F47498D}"
EndProject
Project("{FAE04EC0-301F-11D3-BF4B-00C04F79EFBC}") = "Assembly-CSharp", "Assembly-CSharp.csproj", "{0F3FE125-14D6-F717-264C-ADB81F6AC36D}"
EndProject
Project("{FAE04EC0-301F-11D3-BF4B-00C04F79EFBC}") = "Unity.Services.Core.Environments", "Unity.Services.Core.Environments.csproj", "{36FBA865-2A54-8E89-5193-4358E105975D}"
EndProject
Project("{FAE04EC0-301F-11D3-BF4B-00C04F79EFBC}") = "Unity.Services.Core.Internal", "Unity.Services.Core.Internal.csproj", "{EB443C97-FA81-9BEA-8F4D-EB21BE032461}"
EndProject
Project("{FAE04EC0-301F-11D3-BF4B-00C04F79EFBC}") = "Unity.Services.Core.Analytics", "Unity.Services.Core.Analytics.csproj", "{4A3B0F9C-A199-DD3F-F75D-6D0C2CD80614}"
EndProject
Project("{FAE04EC0-301F-11D3-BF4B-00C04F79EFBC}") = "Unity.Services.Core.Scheduler", "Unity.Services.Core.Scheduler.csproj", "{DCC1CF1C-B536-8FF3-4E0D-2A3B0AFB7FA9}"
EndProject
Project("{FAE04EC0-301F-11D3-BF4B-00C04F79EFBC}") = "Unity.Services.Core.Registration", "Unity.Services.Core.Registration.csproj", "{78C9234A-09B8-23AE-0CF6-D2F672EFA8EF}"
EndProject
Project("{FAE04EC0-301F-11D3-BF4B-00C04F79EFBC}") = "Unity.Services.Core.Device", "Unity.Services.Core.Device.csproj", "{B7BEAF13-973B-A15C-8B79-D15DE732C38A}"
EndProject
Project("{FAE04EC0-301F-11D3-BF4B-00C04F79EFBC}") = "Unity.Services.Core.Threading", "Unity.Services.Core.Threading.csproj", "{9D98BD30-A4E2-567D-F2BE-C5822704B718}"
EndProject
Project("{FAE04EC0-301F-11D3-BF4B-00C04F79EFBC}") = "Unity.Services.Core.Networking", "Unity.Services.Core.Networking.csproj", "{136D994A-51B7-ECAF-B452-0A1AEFC1A636}"
EndProject
Project("{FAE04EC0-301F-11D3-BF4B-00C04F79EFBC}") = "Unity.Services.Core.Configuration", "Unity.Services.Core.Configuration.csproj", "{89ADBFDE-B957-843D-97A5-4BDD968EBF71}"
EndProject
Project("{FAE04EC0-301F-11D3-BF4B-00C04F79EFBC}") = "Unity.PlasticSCM.Editor", "Unity.PlasticSCM.Editor.csproj", "{DFD457B6-4359-C4B0-F888-1438EE90AA25}"
EndProject
Project("{FAE04EC0-301F-11D3-BF4B-00C04F79EFBC}") = "Unity.VisualScripting.Core.Editor", "Unity.VisualScripting.Core.Editor.csproj", "{A6D4981E-A5DE-C428-1891-379C5D62853B}"
EndProject
Project("{FAE04EC0-301F-11D3-BF4B-00C04F79EFBC}") = "Unity.VisualScripting.Flow.Editor", "Unity.VisualScripting.Flow.Editor.csproj", "{3D298F5F-4869-6C5D-95AF-7601AA231CA8}"
EndProject
Project("{FAE04EC0-301F-11D3-BF4B-00C04F79EFBC}") = "Unity.VisualStudio.Editor", "Unity.VisualStudio.Editor.csproj", "{F6DB7B53-F1DF-05CB-B07D-B01A6816D15D}"
EndProject
Project("{FAE04EC0-301F-11D3-BF4B-00C04F79EFBC}") = "Unity.Timeline.Editor", "Unity.Timeline.Editor.csproj", "{FABC63ED-56D1-E216-B5B5-AB9CC3C67079}"
EndProject
Project("{FAE04EC0-301F-11D3-BF4B-00C04F79EFBC}") = "Unity.VisualScripting.State.Editor", "Unity.VisualScripting.State.Editor.csproj", "{AEDCF2B2-36F4-8B32-C23D-E1F1002788E5}"
EndProject
Project("{FAE04EC0-301F-11D3-BF4B-00C04F79EFBC}") = "Unity.TextMeshPro.Editor", "Unity.TextMeshPro.Editor.csproj", "{0FB29F89-AF05-8C01-C599-279B2A763C6A}"
EndProject
Project("{FAE04EC0-301F-11D3-BF4B-00C04F79EFBC}") = "Unity.VisualScripting.SettingsProvider.Editor", "Unity.VisualScripting.SettingsProvider.Editor.csproj", "{4016DF75-09E7-F51E-D49E-4A0705E15CA3}"
EndProject
Project("{FAE04EC0-301F-11D3-BF4B-00C04F79EFBC}") = "Unity.CollabProxy.Editor", "Unity.CollabProxy.Editor.csproj", "{1B2E16BC-E9AD-8B65-DFEE-6BB3066554C1}"
EndProject
Project("{FAE04EC0-301F-11D3-BF4B-00C04F79EFBC}") = "UnityEditor.TestRunner", "UnityEditor.TestRunner.csproj", "{88BE90EF-9222-E26C-D7E8-5A77F25DAC75}"
EndProject
Project("{FAE04EC0-301F-11D3-BF4B-00C04F79EFBC}") = "Unity.Services.Core.Editor", "Unity.Services.Core.Editor.csproj", "{2ED86C9B-23C4-BC00-536C-FD5B9FFA17CA}"
EndProject
Project("{FAE04EC0-301F-11D3-BF4B-00C04F79EFBC}") = "Unity.Rider.Editor", "Unity.Rider.Editor.csproj", "{DD4A8D49-E50C-965D-F700-B08741BC7039}"
EndProject
Project("{FAE04EC0-301F-11D3-BF4B-00C04F79EFBC}") = "Unity.VSCode.Editor", "Unity.VSCode.Editor.csproj", "{BC4657D3-695D-11A4-A7EB-DD0450DD261E}"
EndProject
Project("{FAE04EC0-301F-11D3-BF4B-00C04F79EFBC}") = "UnityEditor.UI", "UnityEditor.UI.csproj", "{35F15ECD-EADE-3840-C407-E9FC3CCEFBE5}"
EndProject
Project("{FAE04EC0-301F-11D3-BF4B-00C04F79EFBC}") = "Unity.Services.Core.Configuration.Editor", "Unity.Services.Core.Configuration.Editor.csproj", "{F409FA01-78D5-3073-265F-BF2C61E38D04}"
EndProject
Project("{FAE04EC0-301F-11D3-BF4B-00C04F79EFBC}") = "Unity.VisualScripting.Shared.Editor", "Unity.VisualScripting.Shared.Editor.csproj", "{00929642-5119-6B21-AB55-83926506B85E}"
EndProject
Global
	GlobalSection(SolutionConfigurationPlatforms) = preSolution
		Debug|Any CPU = Debug|Any CPU
		Release|Any CPU = Release|Any CPU
	EndGlobalSection
	GlobalSection(ProjectConfigurationPlatforms) = postSolution
		{2E468840-FBAE-3CDA-0B04-C0A405F29D1A}.Debug|Any CPU.ActiveCfg = Debug|Any CPU
		{2E468840-FBAE-3CDA-0B04-C0A405F29D1A}.Debug|Any CPU.Build.0 = Debug|Any CPU
		{2E468840-FBAE-3CDA-0B04-C0A405F29D1A}.Release|Any CPU.ActiveCfg = Release|Any CPU
		{2E468840-FBAE-3CDA-0B04-C0A405F29D1A}.Release|Any CPU.Build.0 = Release|Any CPU
		{171C96C7-07F7-C7DA-527C-17230CE944EA}.Debug|Any CPU.ActiveCfg = Debug|Any CPU
		{171C96C7-07F7-C7DA-527C-17230CE944EA}.Debug|Any CPU.Build.0 = Debug|Any CPU
		{171C96C7-07F7-C7DA-527C-17230CE944EA}.Release|Any CPU.ActiveCfg = Release|Any CPU
		{171C96C7-07F7-C7DA-527C-17230CE944EA}.Release|Any CPU.Build.0 = Release|Any CPU
		{47878854-7CB1-88B6-66EC-95796CD572CE}.Debug|Any CPU.ActiveCfg = Debug|Any CPU
		{47878854-7CB1-88B6-66EC-95796CD572CE}.Debug|Any CPU.Build.0 = Debug|Any CPU
		{47878854-7CB1-88B6-66EC-95796CD572CE}.Release|Any CPU.ActiveCfg = Release|Any CPU
		{47878854-7CB1-88B6-66EC-95796CD572CE}.Release|Any CPU.Build.0 = Release|Any CPU
		{0E27BBFF-DB76-D50F-B913-164D6187E525}.Debug|Any CPU.ActiveCfg = Debug|Any CPU
		{0E27BBFF-DB76-D50F-B913-164D6187E525}.Debug|Any CPU.Build.0 = Debug|Any CPU
		{0E27BBFF-DB76-D50F-B913-164D6187E525}.Release|Any CPU.ActiveCfg = Release|Any CPU
		{0E27BBFF-DB76-D50F-B913-164D6187E525}.Release|Any CPU.Build.0 = Release|Any CPU
		{10E6B2F8-0368-B755-38DE-4EBEA0CB9D6B}.Debug|Any CPU.ActiveCfg = Debug|Any CPU
		{10E6B2F8-0368-B755-38DE-4EBEA0CB9D6B}.Debug|Any CPU.Build.0 = Debug|Any CPU
		{10E6B2F8-0368-B755-38DE-4EBEA0CB9D6B}.Release|Any CPU.ActiveCfg = Release|Any CPU
		{10E6B2F8-0368-B755-38DE-4EBEA0CB9D6B}.Release|Any CPU.Build.0 = Release|Any CPU
		{97BDDE9F-478C-83D7-1267-F26C475B8733}.Debug|Any CPU.ActiveCfg = Debug|Any CPU
		{97BDDE9F-478C-83D7-1267-F26C475B8733}.Debug|Any CPU.Build.0 = Debug|Any CPU
		{97BDDE9F-478C-83D7-1267-F26C475B8733}.Release|Any CPU.ActiveCfg = Release|Any CPU
		{97BDDE9F-478C-83D7-1267-F26C475B8733}.Release|Any CPU.Build.0 = Release|Any CPU
		{5CA6E9EF-F962-6944-9111-5FD5A93D97AC}.Debug|Any CPU.ActiveCfg = Debug|Any CPU
		{5CA6E9EF-F962-6944-9111-5FD5A93D97AC}.Debug|Any CPU.Build.0 = Debug|Any CPU
		{5CA6E9EF-F962-6944-9111-5FD5A93D97AC}.Release|Any CPU.ActiveCfg = Release|Any CPU
		{5CA6E9EF-F962-6944-9111-5FD5A93D97AC}.Release|Any CPU.Build.0 = Release|Any CPU
		{04CA16C1-DE91-9D52-7A32-20CD0037D4D4}.Debug|Any CPU.ActiveCfg = Debug|Any CPU
		{04CA16C1-DE91-9D52-7A32-20CD0037D4D4}.Debug|Any CPU.Build.0 = Debug|Any CPU
		{04CA16C1-DE91-9D52-7A32-20CD0037D4D4}.Release|Any CPU.ActiveCfg = Release|Any CPU
		{04CA16C1-DE91-9D52-7A32-20CD0037D4D4}.Release|Any CPU.Build.0 = Release|Any CPU
		{B75241D5-14A1-D15C-A0AD-EB35DFC4C7A0}.Debug|Any CPU.ActiveCfg = Debug|Any CPU
		{B75241D5-14A1-D15C-A0AD-EB35DFC4C7A0}.Debug|Any CPU.Build.0 = Debug|Any CPU
		{B75241D5-14A1-D15C-A0AD-EB35DFC4C7A0}.Release|Any CPU.ActiveCfg = Release|Any CPU
		{B75241D5-14A1-D15C-A0AD-EB35DFC4C7A0}.Release|Any CPU.Build.0 = Release|Any CPU
		{181AEF07-A30C-6F4B-E8B2-3EFA0F47498D}.Debug|Any CPU.ActiveCfg = Debug|Any CPU
		{181AEF07-A30C-6F4B-E8B2-3EFA0F47498D}.Debug|Any CPU.Build.0 = Debug|Any CPU
		{181AEF07-A30C-6F4B-E8B2-3EFA0F47498D}.Release|Any CPU.ActiveCfg = Release|Any CPU
		{181AEF07-A30C-6F4B-E8B2-3EFA0F47498D}.Release|Any CPU.Build.0 = Release|Any CPU
		{0F3FE125-14D6-F717-264C-ADB81F6AC36D}.Debug|Any CPU.ActiveCfg = Debug|Any CPU
		{0F3FE125-14D6-F717-264C-ADB81F6AC36D}.Debug|Any CPU.Build.0 = Debug|Any CPU
		{0F3FE125-14D6-F717-264C-ADB81F6AC36D}.Release|Any CPU.ActiveCfg = Release|Any CPU
		{0F3FE125-14D6-F717-264C-ADB81F6AC36D}.Release|Any CPU.Build.0 = Release|Any CPU
		{36FBA865-2A54-8E89-5193-4358E105975D}.Debug|Any CPU.ActiveCfg = Debug|Any CPU
		{36FBA865-2A54-8E89-5193-4358E105975D}.Debug|Any CPU.Build.0 = Debug|Any CPU
		{36FBA865-2A54-8E89-5193-4358E105975D}.Release|Any CPU.ActiveCfg = Release|Any CPU
		{36FBA865-2A54-8E89-5193-4358E105975D}.Release|Any CPU.Build.0 = Release|Any CPU
		{EB443C97-FA81-9BEA-8F4D-EB21BE032461}.Debug|Any CPU.ActiveCfg = Debug|Any CPU
		{EB443C97-FA81-9BEA-8F4D-EB21BE032461}.Debug|Any CPU.Build.0 = Debug|Any CPU
		{EB443C97-FA81-9BEA-8F4D-EB21BE032461}.Release|Any CPU.ActiveCfg = Release|Any CPU
		{EB443C97-FA81-9BEA-8F4D-EB21BE032461}.Release|Any CPU.Build.0 = Release|Any CPU
		{4A3B0F9C-A199-DD3F-F75D-6D0C2CD80614}.Debug|Any CPU.ActiveCfg = Debug|Any CPU
		{4A3B0F9C-A199-DD3F-F75D-6D0C2CD80614}.Debug|Any CPU.Build.0 = Debug|Any CPU
		{4A3B0F9C-A199-DD3F-F75D-6D0C2CD80614}.Release|Any CPU.ActiveCfg = Release|Any CPU
		{4A3B0F9C-A199-DD3F-F75D-6D0C2CD80614}.Release|Any CPU.Build.0 = Release|Any CPU
		{DCC1CF1C-B536-8FF3-4E0D-2A3B0AFB7FA9}.Debug|Any CPU.ActiveCfg = Debug|Any CPU
		{DCC1CF1C-B536-8FF3-4E0D-2A3B0AFB7FA9}.Debug|Any CPU.Build.0 = Debug|Any CPU
		{DCC1CF1C-B536-8FF3-4E0D-2A3B0AFB7FA9}.Release|Any CPU.ActiveCfg = Release|Any CPU
		{DCC1CF1C-B536-8FF3-4E0D-2A3B0AFB7FA9}.Release|Any CPU.Build.0 = Release|Any CPU
		{78C9234A-09B8-23AE-0CF6-D2F672EFA8EF}.Debug|Any CPU.ActiveCfg = Debug|Any CPU
		{78C9234A-09B8-23AE-0CF6-D2F672EFA8EF}.Debug|Any CPU.Build.0 = Debug|Any CPU
		{78C9234A-09B8-23AE-0CF6-D2F672EFA8EF}.Release|Any CPU.ActiveCfg = Release|Any CPU
		{78C9234A-09B8-23AE-0CF6-D2F672EFA8EF}.Release|Any CPU.Build.0 = Release|Any CPU
		{B7BEAF13-973B-A15C-8B79-D15DE732C38A}.Debug|Any CPU.ActiveCfg = Debug|Any CPU
		{B7BEAF13-973B-A15C-8B79-D15DE732C38A}.Debug|Any CPU.Build.0 = Debug|Any CPU
		{B7BEAF13-973B-A15C-8B79-D15DE732C38A}.Release|Any CPU.ActiveCfg = Release|Any CPU
		{B7BEAF13-973B-A15C-8B79-D15DE732C38A}.Release|Any CPU.Build.0 = Release|Any CPU
		{9D98BD30-A4E2-567D-F2BE-C5822704B718}.Debug|Any CPU.ActiveCfg = Debug|Any CPU
		{9D98BD30-A4E2-567D-F2BE-C5822704B718}.Debug|Any CPU.Build.0 = Debug|Any CPU
		{9D98BD30-A4E2-567D-F2BE-C5822704B718}.Release|Any CPU.ActiveCfg = Release|Any CPU
		{9D98BD30-A4E2-567D-F2BE-C5822704B718}.Release|Any CPU.Build.0 = Release|Any CPU
		{136D994A-51B7-ECAF-B452-0A1AEFC1A636}.Debug|Any CPU.ActiveCfg = Debug|Any CPU
		{136D994A-51B7-ECAF-B452-0A1AEFC1A636}.Debug|Any CPU.Build.0 = Debug|Any CPU
		{136D994A-51B7-ECAF-B452-0A1AEFC1A636}.Release|Any CPU.ActiveCfg = Release|Any CPU
		{136D994A-51B7-ECAF-B452-0A1AEFC1A636}.Release|Any CPU.Build.0 = Release|Any CPU
		{89ADBFDE-B957-843D-97A5-4BDD968EBF71}.Debug|Any CPU.ActiveCfg = Debug|Any CPU
		{89ADBFDE-B957-843D-97A5-4BDD968EBF71}.Debug|Any CPU.Build.0 = Debug|Any CPU
		{89ADBFDE-B957-843D-97A5-4BDD968EBF71}.Release|Any CPU.ActiveCfg = Release|Any CPU
		{89ADBFDE-B957-843D-97A5-4BDD968EBF71}.Release|Any CPU.Build.0 = Release|Any CPU
		{DFD457B6-4359-C4B0-F888-1438EE90AA25}.Debug|Any CPU.ActiveCfg = Debug|Any CPU
		{DFD457B6-4359-C4B0-F888-1438EE90AA25}.Debug|Any CPU.Build.0 = Debug|Any CPU
		{DFD457B6-4359-C4B0-F888-1438EE90AA25}.Release|Any CPU.ActiveCfg = Release|Any CPU
		{DFD457B6-4359-C4B0-F888-1438EE90AA25}.Release|Any CPU.Build.0 = Release|Any CPU
		{A6D4981E-A5DE-C428-1891-379C5D62853B}.Debug|Any CPU.ActiveCfg = Debug|Any CPU
		{A6D4981E-A5DE-C428-1891-379C5D62853B}.Debug|Any CPU.Build.0 = Debug|Any CPU
		{A6D4981E-A5DE-C428-1891-379C5D62853B}.Release|Any CPU.ActiveCfg = Release|Any CPU
		{A6D4981E-A5DE-C428-1891-379C5D62853B}.Release|Any CPU.Build.0 = Release|Any CPU
		{3D298F5F-4869-6C5D-95AF-7601AA231CA8}.Debug|Any CPU.ActiveCfg = Debug|Any CPU
		{3D298F5F-4869-6C5D-95AF-7601AA231CA8}.Debug|Any CPU.Build.0 = Debug|Any CPU
		{3D298F5F-4869-6C5D-95AF-7601AA231CA8}.Release|Any CPU.ActiveCfg = Release|Any CPU
		{3D298F5F-4869-6C5D-95AF-7601AA231CA8}.Release|Any CPU.Build.0 = Release|Any CPU
		{F6DB7B53-F1DF-05CB-B07D-B01A6816D15D}.Debug|Any CPU.ActiveCfg = Debug|Any CPU
		{F6DB7B53-F1DF-05CB-B07D-B01A6816D15D}.Debug|Any CPU.Build.0 = Debug|Any CPU
		{F6DB7B53-F1DF-05CB-B07D-B01A6816D15D}.Release|Any CPU.ActiveCfg = Release|Any CPU
		{F6DB7B53-F1DF-05CB-B07D-B01A6816D15D}.Release|Any CPU.Build.0 = Release|Any CPU
		{FABC63ED-56D1-E216-B5B5-AB9CC3C67079}.Debug|Any CPU.ActiveCfg = Debug|Any CPU
		{FABC63ED-56D1-E216-B5B5-AB9CC3C67079}.Debug|Any CPU.Build.0 = Debug|Any CPU
		{FABC63ED-56D1-E216-B5B5-AB9CC3C67079}.Release|Any CPU.ActiveCfg = Release|Any CPU
		{FABC63ED-56D1-E216-B5B5-AB9CC3C67079}.Release|Any CPU.Build.0 = Release|Any CPU
		{AEDCF2B2-36F4-8B32-C23D-E1F1002788E5}.Debug|Any CPU.ActiveCfg = Debug|Any CPU
		{AEDCF2B2-36F4-8B32-C23D-E1F1002788E5}.Debug|Any CPU.Build.0 = Debug|Any CPU
		{AEDCF2B2-36F4-8B32-C23D-E1F1002788E5}.Release|Any CPU.ActiveCfg = Release|Any CPU
		{AEDCF2B2-36F4-8B32-C23D-E1F1002788E5}.Release|Any CPU.Build.0 = Release|Any CPU
		{0FB29F89-AF05-8C01-C599-279B2A763C6A}.Debug|Any CPU.ActiveCfg = Debug|Any CPU
		{0FB29F89-AF05-8C01-C599-279B2A763C6A}.Debug|Any CPU.Build.0 = Debug|Any CPU
		{0FB29F89-AF05-8C01-C599-279B2A763C6A}.Release|Any CPU.ActiveCfg = Release|Any CPU
		{0FB29F89-AF05-8C01-C599-279B2A763C6A}.Release|Any CPU.Build.0 = Release|Any CPU
		{4016DF75-09E7-F51E-D49E-4A0705E15CA3}.Debug|Any CPU.ActiveCfg = Debug|Any CPU
		{4016DF75-09E7-F51E-D49E-4A0705E15CA3}.Debug|Any CPU.Build.0 = Debug|Any CPU
		{4016DF75-09E7-F51E-D49E-4A0705E15CA3}.Release|Any CPU.ActiveCfg = Release|Any CPU
		{4016DF75-09E7-F51E-D49E-4A0705E15CA3}.Release|Any CPU.Build.0 = Release|Any CPU
		{1B2E16BC-E9AD-8B65-DFEE-6BB3066554C1}.Debug|Any CPU.ActiveCfg = Debug|Any CPU
		{1B2E16BC-E9AD-8B65-DFEE-6BB3066554C1}.Debug|Any CPU.Build.0 = Debug|Any CPU
		{1B2E16BC-E9AD-8B65-DFEE-6BB3066554C1}.Release|Any CPU.ActiveCfg = Release|Any CPU
		{1B2E16BC-E9AD-8B65-DFEE-6BB3066554C1}.Release|Any CPU.Build.0 = Release|Any CPU
		{88BE90EF-9222-E26C-D7E8-5A77F25DAC75}.Debug|Any CPU.ActiveCfg = Debug|Any CPU
		{88BE90EF-9222-E26C-D7E8-5A77F25DAC75}.Debug|Any CPU.Build.0 = Debug|Any CPU
		{88BE90EF-9222-E26C-D7E8-5A77F25DAC75}.Release|Any CPU.ActiveCfg = Release|Any CPU
		{88BE90EF-9222-E26C-D7E8-5A77F25DAC75}.Release|Any CPU.Build.0 = Release|Any CPU
		{2ED86C9B-23C4-BC00-536C-FD5B9FFA17CA}.Debug|Any CPU.ActiveCfg = Debug|Any CPU
		{2ED86C9B-23C4-BC00-536C-FD5B9FFA17CA}.Debug|Any CPU.Build.0 = Debug|Any CPU
		{2ED86C9B-23C4-BC00-536C-FD5B9FFA17CA}.Release|Any CPU.ActiveCfg = Release|Any CPU
		{2ED86C9B-23C4-BC00-536C-FD5B9FFA17CA}.Release|Any CPU.Build.0 = Release|Any CPU
		{DD4A8D49-E50C-965D-F700-B08741BC7039}.Debug|Any CPU.ActiveCfg = Debug|Any CPU
		{DD4A8D49-E50C-965D-F700-B08741BC7039}.Debug|Any CPU.Build.0 = Debug|Any CPU
		{DD4A8D49-E50C-965D-F700-B08741BC7039}.Release|Any CPU.ActiveCfg = Release|Any CPU
		{DD4A8D49-E50C-965D-F700-B08741BC7039}.Release|Any CPU.Build.0 = Release|Any CPU
		{BC4657D3-695D-11A4-A7EB-DD0450DD261E}.Debug|Any CPU.ActiveCfg = Debug|Any CPU
		{BC4657D3-695D-11A4-A7EB-DD0450DD261E}.Debug|Any CPU.Build.0 = Debug|Any CPU
		{BC4657D3-695D-11A4-A7EB-DD0450DD261E}.Release|Any CPU.ActiveCfg = Release|Any CPU
		{BC4657D3-695D-11A4-A7EB-DD0450DD261E}.Release|Any CPU.Build.0 = Release|Any CPU
		{35F15ECD-EADE-3840-C407-E9FC3CCEFBE5}.Debug|Any CPU.ActiveCfg = Debug|Any CPU
		{35F15ECD-EADE-3840-C407-E9FC3CCEFBE5}.Debug|Any CPU.Build.0 = Debug|Any CPU
		{35F15ECD-EADE-3840-C407-E9FC3CCEFBE5}.Release|Any CPU.ActiveCfg = Release|Any CPU
		{35F15ECD-EADE-3840-C407-E9FC3CCEFBE5}.Release|Any CPU.Build.0 = Release|Any CPU
		{F409FA01-78D5-3073-265F-BF2C61E38D04}.Debug|Any CPU.ActiveCfg = Debug|Any CPU
		{F409FA01-78D5-3073-265F-BF2C61E38D04}.Debug|Any CPU.Build.0 = Debug|Any CPU
		{F409FA01-78D5-3073-265F-BF2C61E38D04}.Release|Any CPU.ActiveCfg = Release|Any CPU
		{F409FA01-78D5-3073-265F-BF2C61E38D04}.Release|Any CPU.Build.0 = Release|Any CPU
		{00929642-5119-6B21-AB55-83926506B85E}.Debug|Any CPU.ActiveCfg = Debug|Any CPU
		{00929642-5119-6B21-AB55-83926506B85E}.Debug|Any CPU.Build.0 = Debug|Any CPU
		{00929642-5119-6B21-AB55-83926506B85E}.Release|Any CPU.ActiveCfg = Release|Any CPU
		{00929642-5119-6B21-AB55-83926506B85E}.Release|Any CPU.Build.0 = Release|Any CPU
	EndGlobalSection
	GlobalSection(SolutionProperties) = preSolution
		HideSolutionNode = FALSE
	EndGlobalSection
EndGlobal
